
Microsoft Visual Studio Solution File, Format Version 12.00
# Visual Studio Version 16
VisualStudioVersion = 16.0.29306.81
MinimumVisualStudioVersion = 10.0.40219.1
Project("{FAE04EC0-301F-11D3-BF4B-00C04F79EFBC}") = "Dev4", "Dev4\Dev4.csproj", "{68D65E4B-4D54-48EF-B840-C33C3A229911}"
EndProject
Global
	GlobalSection(SolutionConfigurationPlatforms) = preSolution
		Debug|Any CPU = Debug|Any CPU
		Release|Any CPU = Release|Any CPU
	EndGlobalSection
	GlobalSection(ProjectConfigurationPlatforms) = postSolution
		{68D65E4B-4D54-48EF-B840-C33C3A229911}.Debug|Any CPU.ActiveCfg = Debug|Any CPU
		{68D65E4B-4D54-48EF-B840-C33C3A229911}.Debug|Any CPU.Build.0 = Debug|Any CPU
		{68D65E4B-4D54-48EF-B840-C33C3A229911}.Release|Any CPU.ActiveCfg = Release|Any CPU
		{68D65E4B-4D54-48EF-B840-C33C3A229911}.Release|Any CPU.Build.0 = Release|Any CPU
	EndGlobalSection
	GlobalSection(SolutionProperties) = preSolution
		HideSolutionNode = FALSE
	EndGlobalSection
	GlobalSection(ExtensibilityGlobals) = postSolution
		SolutionGuid = {1D0EBFAE-274D-4E33-919A-0F38FEE67FAE}
	EndGlobalSection
EndGlobal
