
Microsoft Visual Studio Solution File, Format Version 12.00
# Visual Studio Version 16
VisualStudioVersion = 16.0.29306.81
MinimumVisualStudioVersion = 10.0.40219.1
Project("{FAE04EC0-301F-11D3-BF4B-00C04F79EFBC}") = "ChessProj", "ChessProj\ChessProj.csproj", "{4465013C-6AA1-4EC7-97D8-53264F17D65E}"
EndProject
Global
	GlobalSection(SolutionConfigurationPlatforms) = preSolution
		Debug|Any CPU = Debug|Any CPU
		Release|Any CPU = Release|Any CPU
	EndGlobalSection
	GlobalSection(ProjectConfigurationPlatforms) = postSolution
		{4465013C-6AA1-4EC7-97D8-53264F17D65E}.Debug|Any CPU.ActiveCfg = Debug|Any CPU
		{4465013C-6AA1-4EC7-97D8-53264F17D65E}.Debug|Any CPU.Build.0 = Debug|Any CPU
		{4465013C-6AA1-4EC7-97D8-53264F17D65E}.Release|Any CPU.ActiveCfg = Release|Any CPU
		{4465013C-6AA1-4EC7-97D8-53264F17D65E}.Release|Any CPU.Build.0 = Release|Any CPU
	EndGlobalSection
	GlobalSection(SolutionProperties) = preSolution
		HideSolutionNode = FALSE
	EndGlobalSection
	GlobalSection(ExtensibilityGlobals) = postSolution
		SolutionGuid = {C39FE952-1695-4990-8BCF-4FF929FD67F9}
	EndGlobalSection
EndGlobal
