
Microsoft Visual Studio Solution File, Format Version 12.00
# Visual Studio Version 16
VisualStudioVersion = 16.0.29306.81
MinimumVisualStudioVersion = 10.0.40219.1
Project("{FAE04EC0-301F-11D3-BF4B-00C04F79EFBC}") = "ProjectMatrix", "ProjectMatrix\ProjectMatrix.csproj", "{57E1FFE4-D3B6-46F3-A669-093D88E8DDE0}"
EndProject
Global
	GlobalSection(SolutionConfigurationPlatforms) = preSolution
		Debug|Any CPU = Debug|Any CPU
		Release|Any CPU = Release|Any CPU
	EndGlobalSection
	GlobalSection(ProjectConfigurationPlatforms) = postSolution
		{57E1FFE4-D3B6-46F3-A669-093D88E8DDE0}.Debug|Any CPU.ActiveCfg = Debug|Any CPU
		{57E1FFE4-D3B6-46F3-A669-093D88E8DDE0}.Debug|Any CPU.Build.0 = Debug|Any CPU
		{57E1FFE4-D3B6-46F3-A669-093D88E8DDE0}.Release|Any CPU.ActiveCfg = Release|Any CPU
		{57E1FFE4-D3B6-46F3-A669-093D88E8DDE0}.Release|Any CPU.Build.0 = Release|Any CPU
	EndGlobalSection
	GlobalSection(SolutionProperties) = preSolution
		HideSolutionNode = FALSE
	EndGlobalSection
	GlobalSection(ExtensibilityGlobals) = postSolution
		SolutionGuid = {B9661FA2-F330-4D27-9766-3920D064FC2E}
	EndGlobalSection
EndGlobal
